
Microsoft Visual Studio Solution File, Format Version 12.00
# Visual Studio Version 17
VisualStudioVersion = 17.6.33712.159
MinimumVisualStudioVersion = 10.0.40219.1
Project("{FAE04EC0-301F-11D3-BF4B-00C04F79EFBC}") = "Game", "Game.csproj", "{2F9C919B-EC17-480B-8889-58100C76D56D}"
EndProject
Global
	GlobalSection(SolutionConfigurationPlatforms) = preSolution
		Debug|Any CPU = Debug|Any CPU
		Release|Any CPU = Release|Any CPU
	EndGlobalSection
	GlobalSection(ProjectConfigurationPlatforms) = postSolution
		{2F9C919B-EC17-480B-8889-58100C76D56D}.Debug|Any CPU.ActiveCfg = Debug|Any CPU
		{2F9C919B-EC17-480B-8889-58100C76D56D}.Debug|Any CPU.Build.0 = Debug|Any CPU
		{2F9C919B-EC17-480B-8889-58100C76D56D}.Release|Any CPU.ActiveCfg = Release|Any CPU
		{2F9C919B-EC17-480B-8889-58100C76D56D}.Release|Any CPU.Build.0 = Release|Any CPU
	EndGlobalSection
	GlobalSection(SolutionProperties) = preSolution
		HideSolutionNode = FALSE
	EndGlobalSection
	GlobalSection(ExtensibilityGlobals) = postSolution
		SolutionGuid = {4F09FAEF-8E80-4943-9759-1D285C2E9F96}
	EndGlobalSection
EndGlobal
